// !$*UTF8*$!
{
	archiveVersion = 1;
	classes = {
	};
	objectVersion = 51;
	objects = {

/* Begin PBXBuildFile section */
		615CDA7C24133584007CF669 /* AppDelegate.swift in Sources */ = {isa = PBXBuildFile; fileRef = 615CDA7B24133584007CF669 /* AppDelegate.swift */; };
		615CDA7E24133584007CF669 /* SceneDelegate.swift in Sources */ = {isa = PBXBuildFile; fileRef = 615CDA7D24133584007CF669 /* SceneDelegate.swift */; };
		615CDA8024133584007CF669 /* ViewController.swift in Sources */ = {isa = PBXBuildFile; fileRef = 615CDA7F24133584007CF669 /* ViewController.swift */; };
		615CDA8324133584007CF669 /* Main.storyboard in Resources */ = {isa = PBXBuildFile; fileRef = 615CDA8124133584007CF669 /* Main.storyboard */; };
		615CDA8524133585007CF669 /* Assets.xcassets in Resources */ = {isa = PBXBuildFile; fileRef = 615CDA8424133585007CF669 /* Assets.xcassets */; };
		615CDA8824133585007CF669 /* LaunchScreen.storyboard in Resources */ = {isa = PBXBuildFile; fileRef = 615CDA8624133585007CF669 /* LaunchScreen.storyboard */; };
		615CDA9324133586007CF669 /* TheSeriesAppTests.swift in Sources */ = {isa = PBXBuildFile; fileRef = 615CDA9224133586007CF669 /* TheSeriesAppTests.swift */; };
		615CDAA324134078007CF669 /* NetworkManager.swift in Sources */ = {isa = PBXBuildFile; fileRef = 615CDAA224134078007CF669 /* NetworkManager.swift */; };
		615CDAAB2414190C007CF669 /* TvShow.swift in Sources */ = {isa = PBXBuildFile; fileRef = 615CDAAA2414190C007CF669 /* TvShow.swift */; };
		615CDAAD241423C6007CF669 /* TvShowViewModel.swift in Sources */ = {isa = PBXBuildFile; fileRef = 615CDAAC241423C6007CF669 /* TvShowViewModel.swift */; };
		615CDAAF2414B04F007CF669 /* ListTvShowViewController.swift in Sources */ = {isa = PBXBuildFile; fileRef = 615CDAAE2414B04F007CF669 /* ListTvShowViewController.swift */; };
		615CDAB12414B469007CF669 /* TvShowCell.swift in Sources */ = {isa = PBXBuildFile; fileRef = 615CDAB02414B469007CF669 /* TvShowCell.swift */; };
		615CDAB4241549AC007CF669 /* ApiConfig.swift in Sources */ = {isa = PBXBuildFile; fileRef = 615CDAB3241549AC007CF669 /* ApiConfig.swift */; };
		615CDAB724155B1B007CF669 /* StringExtension.swift in Sources */ = {isa = PBXBuildFile; fileRef = 615CDAB624155B1A007CF669 /* StringExtension.swift */; };
		9759D89CFC9D885B34A4436D /* Pods_TheSeriesApp.framework in Frameworks */ = {isa = PBXBuildFile; fileRef = 75A008BE49B6911B64B9CF75 /* Pods_TheSeriesApp.framework */; };
		AE46A6A36EA9E49A9F542544 /* Pods_TheSeriesAppTests.framework in Frameworks */ = {isa = PBXBuildFile; fileRef = D5BE6468228C938B31E3AAD6 /* Pods_TheSeriesAppTests.framework */; };
/* End PBXBuildFile section */

/* Begin PBXContainerItemProxy section */
		615CDA8F24133586007CF669 /* PBXContainerItemProxy */ = {
			isa = PBXContainerItemProxy;
			containerPortal = 615CDA7024133584007CF669 /* Project object */;
			proxyType = 1;
			remoteGlobalIDString = 615CDA7724133584007CF669;
			remoteInfo = TheSeriesApp;
		};
/* End PBXContainerItemProxy section */

/* Begin PBXFileReference section */
		42259C5CFE01F9EDA6D042E2 /* Pods-TheSeriesApp.release.xcconfig */ = {isa = PBXFileReference; includeInIndex = 1; lastKnownFileType = text.xcconfig; name = "Pods-TheSeriesApp.release.xcconfig"; path = "Target Support Files/Pods-TheSeriesApp/Pods-TheSeriesApp.release.xcconfig"; sourceTree = "<group>"; };
		4FBF7BBC17E12D816B20678D /* Pods-TheSeriesAppTests.debug.xcconfig */ = {isa = PBXFileReference; includeInIndex = 1; lastKnownFileType = text.xcconfig; name = "Pods-TheSeriesAppTests.debug.xcconfig"; path = "Target Support Files/Pods-TheSeriesAppTests/Pods-TheSeriesAppTests.debug.xcconfig"; sourceTree = "<group>"; };
		615CDA7824133584007CF669 /* TheSeriesApp.app */ = {isa = PBXFileReference; explicitFileType = wrapper.application; includeInIndex = 0; path = TheSeriesApp.app; sourceTree = BUILT_PRODUCTS_DIR; };
		615CDA7B24133584007CF669 /* AppDelegate.swift */ = {isa = PBXFileReference; lastKnownFileType = sourcecode.swift; path = AppDelegate.swift; sourceTree = "<group>"; };
		615CDA7D24133584007CF669 /* SceneDelegate.swift */ = {isa = PBXFileReference; lastKnownFileType = sourcecode.swift; path = SceneDelegate.swift; sourceTree = "<group>"; };
		615CDA7F24133584007CF669 /* ViewController.swift */ = {isa = PBXFileReference; lastKnownFileType = sourcecode.swift; path = ViewController.swift; sourceTree = "<group>"; };
		615CDA8224133584007CF669 /* Base */ = {isa = PBXFileReference; lastKnownFileType = file.storyboard; name = Base; path = Base.lproj/Main.storyboard; sourceTree = "<group>"; };
		615CDA8424133585007CF669 /* Assets.xcassets */ = {isa = PBXFileReference; lastKnownFileType = folder.assetcatalog; path = Assets.xcassets; sourceTree = "<group>"; };
		615CDA8724133585007CF669 /* Base */ = {isa = PBXFileReference; lastKnownFileType = file.storyboard; name = Base; path = Base.lproj/LaunchScreen.storyboard; sourceTree = "<group>"; };
		615CDA8924133585007CF669 /* Info.plist */ = {isa = PBXFileReference; lastKnownFileType = text.plist.xml; path = Info.plist; sourceTree = "<group>"; };
		615CDA8E24133586007CF669 /* TheSeriesAppTests.xctest */ = {isa = PBXFileReference; explicitFileType = wrapper.cfbundle; includeInIndex = 0; path = TheSeriesAppTests.xctest; sourceTree = BUILT_PRODUCTS_DIR; };
		615CDA9224133586007CF669 /* TheSeriesAppTests.swift */ = {isa = PBXFileReference; lastKnownFileType = sourcecode.swift; path = TheSeriesAppTests.swift; sourceTree = "<group>"; };
		615CDA9424133586007CF669 /* Info.plist */ = {isa = PBXFileReference; lastKnownFileType = text.plist.xml; path = Info.plist; sourceTree = "<group>"; };
		615CDAA224134078007CF669 /* NetworkManager.swift */ = {isa = PBXFileReference; lastKnownFileType = sourcecode.swift; path = NetworkManager.swift; sourceTree = "<group>"; };
		615CDAAA2414190C007CF669 /* TvShow.swift */ = {isa = PBXFileReference; lastKnownFileType = sourcecode.swift; path = TvShow.swift; sourceTree = "<group>"; };
		615CDAAC241423C6007CF669 /* TvShowViewModel.swift */ = {isa = PBXFileReference; lastKnownFileType = sourcecode.swift; path = TvShowViewModel.swift; sourceTree = "<group>"; };
		615CDAAE2414B04F007CF669 /* ListTvShowViewController.swift */ = {isa = PBXFileReference; lastKnownFileType = sourcecode.swift; path = ListTvShowViewController.swift; sourceTree = "<group>"; };
		615CDAB02414B469007CF669 /* TvShowCell.swift */ = {isa = PBXFileReference; lastKnownFileType = sourcecode.swift; path = TvShowCell.swift; sourceTree = "<group>"; };
		615CDAB3241549AC007CF669 /* ApiConfig.swift */ = {isa = PBXFileReference; lastKnownFileType = sourcecode.swift; path = ApiConfig.swift; sourceTree = "<group>"; };
		615CDAB624155B1A007CF669 /* StringExtension.swift */ = {isa = PBXFileReference; lastKnownFileType = sourcecode.swift; path = StringExtension.swift; sourceTree = "<group>"; };
		75A008BE49B6911B64B9CF75 /* Pods_TheSeriesApp.framework */ = {isa = PBXFileReference; explicitFileType = wrapper.framework; includeInIndex = 0; path = Pods_TheSeriesApp.framework; sourceTree = BUILT_PRODUCTS_DIR; };
		A41F7C8062C176AFE7EAD2AB /* Pods-TheSeriesAppTests.release.xcconfig */ = {isa = PBXFileReference; includeInIndex = 1; lastKnownFileType = text.xcconfig; name = "Pods-TheSeriesAppTests.release.xcconfig"; path = "Target Support Files/Pods-TheSeriesAppTests/Pods-TheSeriesAppTests.release.xcconfig"; sourceTree = "<group>"; };
		D5BE6468228C938B31E3AAD6 /* Pods_TheSeriesAppTests.framework */ = {isa = PBXFileReference; explicitFileType = wrapper.framework; includeInIndex = 0; path = Pods_TheSeriesAppTests.framework; sourceTree = BUILT_PRODUCTS_DIR; };
		E08B774C87F86A8C127D75ED /* Pods-TheSeriesApp.debug.xcconfig */ = {isa = PBXFileReference; includeInIndex = 1; lastKnownFileType = text.xcconfig; name = "Pods-TheSeriesApp.debug.xcconfig"; path = "Target Support Files/Pods-TheSeriesApp/Pods-TheSeriesApp.debug.xcconfig"; sourceTree = "<group>"; };
/* End PBXFileReference section */

/* Begin PBXFrameworksBuildPhase section */
		615CDA7524133584007CF669 /* Frameworks */ = {
			isa = PBXFrameworksBuildPhase;
			buildActionMask = 2147483647;
			files = (
				9759D89CFC9D885B34A4436D /* Pods_TheSeriesApp.framework in Frameworks */,
			);
			runOnlyForDeploymentPostprocessing = 0;
		};
		615CDA8B24133586007CF669 /* Frameworks */ = {
			isa = PBXFrameworksBuildPhase;
			buildActionMask = 2147483647;
			files = (
				AE46A6A36EA9E49A9F542544 /* Pods_TheSeriesAppTests.framework in Frameworks */,
			);
			runOnlyForDeploymentPostprocessing = 0;
		};
/* End PBXFrameworksBuildPhase section */

/* Begin PBXGroup section */
		2CF49545842976B32665AF2D /* Frameworks */ = {
			isa = PBXGroup;
			children = (
				75A008BE49B6911B64B9CF75 /* Pods_TheSeriesApp.framework */,
				D5BE6468228C938B31E3AAD6 /* Pods_TheSeriesAppTests.framework */,
			);
			name = Frameworks;
			sourceTree = "<group>";
		};
		615CDA6F24133584007CF669 = {
			isa = PBXGroup;
			children = (
				615CDA7A24133584007CF669 /* TheSeriesApp */,
				615CDA9124133586007CF669 /* TheSeriesAppTests */,
				615CDA7924133584007CF669 /* Products */,
				93EA9AE5125B063C51EBA59C /* Pods */,
				2CF49545842976B32665AF2D /* Frameworks */,
			);
			sourceTree = "<group>";
		};
		615CDA7924133584007CF669 /* Products */ = {
			isa = PBXGroup;
			children = (
				615CDA7824133584007CF669 /* TheSeriesApp.app */,
				615CDA8E24133586007CF669 /* TheSeriesAppTests.xctest */,
			);
			name = Products;
			sourceTree = "<group>";
		};
		615CDA7A24133584007CF669 /* TheSeriesApp */ = {
			isa = PBXGroup;
			children = (
				615CDAB52415574C007CF669 /* Extension */,
				615CDAB224154998007CF669 /* Config */,
				615CDA9D24133C71007CF669 /* Network */,
				615CDAA424141860007CF669 /* Scenes */,
				615CDA7D24133584007CF669 /* SceneDelegate.swift */,
				615CDA7B24133584007CF669 /* AppDelegate.swift */,
				615CDA7F24133584007CF669 /* ViewController.swift */,
				615CDA8124133584007CF669 /* Main.storyboard */,
				615CDA8424133585007CF669 /* Assets.xcassets */,
				615CDA8624133585007CF669 /* LaunchScreen.storyboard */,
				615CDA8924133585007CF669 /* Info.plist */,
			);
			path = TheSeriesApp;
			sourceTree = "<group>";
		};
		615CDA9124133586007CF669 /* TheSeriesAppTests */ = {
			isa = PBXGroup;
			children = (
				615CDA9224133586007CF669 /* TheSeriesAppTests.swift */,
				615CDA9424133586007CF669 /* Info.plist */,
			);
			path = TheSeriesAppTests;
			sourceTree = "<group>";
		};
		615CDA9D24133C71007CF669 /* Network */ = {
			isa = PBXGroup;
			children = (
				615CDAA224134078007CF669 /* NetworkManager.swift */,
			);
			path = Network;
			sourceTree = "<group>";
		};
		615CDAA424141860007CF669 /* Scenes */ = {
			isa = PBXGroup;
			children = (
				615CDAA52414188E007CF669 /* ListTvShow */,
			);
			path = Scenes;
			sourceTree = "<group>";
		};
		615CDAA52414188E007CF669 /* ListTvShow */ = {
			isa = PBXGroup;
			children = (
				615CDAA9241418E8007CF669 /* Controllers */,
				615CDAA8241418DD007CF669 /* ViewModel */,
				615CDAA7241418D4007CF669 /* View */,
				615CDAA6241418CB007CF669 /* Model */,
			);
			path = ListTvShow;
			sourceTree = "<group>";
		};
		615CDAA6241418CB007CF669 /* Model */ = {
			isa = PBXGroup;
			children = (
				615CDAAA2414190C007CF669 /* TvShow.swift */,
			);
			path = Model;
			sourceTree = "<group>";
		};
		615CDAA7241418D4007CF669 /* View */ = {
			isa = PBXGroup;
			children = (
				615CDAB02414B469007CF669 /* TvShowCell.swift */,
			);
			path = View;
			sourceTree = "<group>";
		};
		615CDAA8241418DD007CF669 /* ViewModel */ = {
			isa = PBXGroup;
			children = (
				615CDAAC241423C6007CF669 /* TvShowViewModel.swift */,
			);
			path = ViewModel;
			sourceTree = "<group>";
		};
		615CDAA9241418E8007CF669 /* Controllers */ = {
			isa = PBXGroup;
			children = (
				615CDAAE2414B04F007CF669 /* ListTvShowViewController.swift */,
			);
			path = Controllers;
			sourceTree = "<group>";
		};
		615CDAB224154998007CF669 /* Config */ = {
			isa = PBXGroup;
			children = (
				615CDAB3241549AC007CF669 /* ApiConfig.swift */,
			);
			path = Config;
			sourceTree = "<group>";
		};
		615CDAB52415574C007CF669 /* Extension */ = {
			isa = PBXGroup;
			children = (
				615CDAB624155B1A007CF669 /* StringExtension.swift */,
			);
			path = Extension;
			sourceTree = "<group>";
		};
		93EA9AE5125B063C51EBA59C /* Pods */ = {
			isa = PBXGroup;
			children = (
				E08B774C87F86A8C127D75ED /* Pods-TheSeriesApp.debug.xcconfig */,
				42259C5CFE01F9EDA6D042E2 /* Pods-TheSeriesApp.release.xcconfig */,
				4FBF7BBC17E12D816B20678D /* Pods-TheSeriesAppTests.debug.xcconfig */,
				A41F7C8062C176AFE7EAD2AB /* Pods-TheSeriesAppTests.release.xcconfig */,
			);
			path = Pods;
			sourceTree = "<group>";
		};
/* End PBXGroup section */

/* Begin PBXNativeTarget section */
		615CDA7724133584007CF669 /* TheSeriesApp */ = {
			isa = PBXNativeTarget;
			buildConfigurationList = 615CDA9724133586007CF669 /* Build configuration list for PBXNativeTarget "TheSeriesApp" */;
			buildPhases = (
				63F5B7D525D2A6820474841A /* [CP] Check Pods Manifest.lock */,
				615CDA7424133584007CF669 /* Sources */,
				615CDA7524133584007CF669 /* Frameworks */,
				615CDA7624133584007CF669 /* Resources */,
				0AB129A0D5FDA9E76185BA73 /* [CP] Embed Pods Frameworks */,
			);
			buildRules = (
			);
			dependencies = (
			);
			name = TheSeriesApp;
			productName = TheSeriesApp;
			productReference = 615CDA7824133584007CF669 /* TheSeriesApp.app */;
			productType = "com.apple.product-type.application";
		};
		615CDA8D24133586007CF669 /* TheSeriesAppTests */ = {
			isa = PBXNativeTarget;
			buildConfigurationList = 615CDA9A24133586007CF669 /* Build configuration list for PBXNativeTarget "TheSeriesAppTests" */;
			buildPhases = (
				4DBF3BC7D4903FA786FF5D21 /* [CP] Check Pods Manifest.lock */,
				615CDA8A24133586007CF669 /* Sources */,
				615CDA8B24133586007CF669 /* Frameworks */,
				615CDA8C24133586007CF669 /* Resources */,
			);
			buildRules = (
			);
			dependencies = (
				615CDA9024133586007CF669 /* PBXTargetDependency */,
			);
			name = TheSeriesAppTests;
			productName = TheSeriesAppTests;
			productReference = 615CDA8E24133586007CF669 /* TheSeriesAppTests.xctest */;
			productType = "com.apple.product-type.bundle.unit-test";
		};
/* End PBXNativeTarget section */

/* Begin PBXProject section */
		615CDA7024133584007CF669 /* Project object */ = {
			isa = PBXProject;
			attributes = {
				LastSwiftUpdateCheck = 1130;
				LastUpgradeCheck = 1130;
				ORGANIZATIONNAME = "Marcio Habigzang Brufatto";
				TargetAttributes = {
					615CDA7724133584007CF669 = {
						CreatedOnToolsVersion = 11.3.1;
					};
					615CDA8D24133586007CF669 = {
						CreatedOnToolsVersion = 11.3.1;
						TestTargetID = 615CDA7724133584007CF669;
					};
				};
			};
			buildConfigurationList = 615CDA7324133584007CF669 /* Build configuration list for PBXProject "TheSeriesApp" */;
			compatibilityVersion = "Xcode 9.3";
			developmentRegion = en;
			hasScannedForEncodings = 0;
			knownRegions = (
				en,
				Base,
			);
			mainGroup = 615CDA6F24133584007CF669;
			productRefGroup = 615CDA7924133584007CF669 /* Products */;
			projectDirPath = "";
			projectRoot = "";
			targets = (
				615CDA7724133584007CF669 /* TheSeriesApp */,
				615CDA8D24133586007CF669 /* TheSeriesAppTests */,
			);
		};
/* End PBXProject section */

/* Begin PBXResourcesBuildPhase section */
		615CDA7624133584007CF669 /* Resources */ = {
			isa = PBXResourcesBuildPhase;
			buildActionMask = 2147483647;
			files = (
				615CDA8824133585007CF669 /* LaunchScreen.storyboard in Resources */,
				615CDA8524133585007CF669 /* Assets.xcassets in Resources */,
				615CDA8324133584007CF669 /* Main.storyboard in Resources */,
			);
			runOnlyForDeploymentPostprocessing = 0;
		};
		615CDA8C24133586007CF669 /* Resources */ = {
			isa = PBXResourcesBuildPhase;
			buildActionMask = 2147483647;
			files = (
			);
			runOnlyForDeploymentPostprocessing = 0;
		};
/* End PBXResourcesBuildPhase section */

/* Begin PBXShellScriptBuildPhase section */
		0AB129A0D5FDA9E76185BA73 /* [CP] Embed Pods Frameworks */ = {
			isa = PBXShellScriptBuildPhase;
			buildActionMask = 2147483647;
			files = (
			);
			inputFileListPaths = (
				"${PODS_ROOT}/Target Support Files/Pods-TheSeriesApp/Pods-TheSeriesApp-frameworks-${CONFIGURATION}-input-files.xcfilelist",
			);
			name = "[CP] Embed Pods Frameworks";
			outputFileListPaths = (
				"${PODS_ROOT}/Target Support Files/Pods-TheSeriesApp/Pods-TheSeriesApp-frameworks-${CONFIGURATION}-output-files.xcfilelist",
			);
			runOnlyForDeploymentPostprocessing = 0;
			shellPath = /bin/sh;
			shellScript = "\"${PODS_ROOT}/Target Support Files/Pods-TheSeriesApp/Pods-TheSeriesApp-frameworks.sh\"\n";
			showEnvVarsInLog = 0;
		};
		4DBF3BC7D4903FA786FF5D21 /* [CP] Check Pods Manifest.lock */ = {
			isa = PBXShellScriptBuildPhase;
			buildActionMask = 2147483647;
			files = (
			);
			inputFileListPaths = (
			);
			inputPaths = (
				"${PODS_PODFILE_DIR_PATH}/Podfile.lock",
				"${PODS_ROOT}/Manifest.lock",
			);
			name = "[CP] Check Pods Manifest.lock";
			outputFileListPaths = (
			);
			outputPaths = (
				"$(DERIVED_FILE_DIR)/Pods-TheSeriesAppTests-checkManifestLockResult.txt",
			);
			runOnlyForDeploymentPostprocessing = 0;
			shellPath = /bin/sh;
			shellScript = "diff \"${PODS_PODFILE_DIR_PATH}/Podfile.lock\" \"${PODS_ROOT}/Manifest.lock\" > /dev/null\nif [ $? != 0 ] ; then\n    # print error to STDERR\n    echo \"error: The sandbox is not in sync with the Podfile.lock. Run 'pod install' or update your CocoaPods installation.\" >&2\n    exit 1\nfi\n# This output is used by Xcode 'outputs' to avoid re-running this script phase.\necho \"SUCCESS\" > \"${SCRIPT_OUTPUT_FILE_0}\"\n";
			showEnvVarsInLog = 0;
		};
		63F5B7D525D2A6820474841A /* [CP] Check Pods Manifest.lock */ = {
			isa = PBXShellScriptBuildPhase;
			buildActionMask = 2147483647;
			files = (
			);
			inputFileListPaths = (
			);
			inputPaths = (
				"${PODS_PODFILE_DIR_PATH}/Podfile.lock",
				"${PODS_ROOT}/Manifest.lock",
			);
			name = "[CP] Check Pods Manifest.lock";
			outputFileListPaths = (
			);
			outputPaths = (
				"$(DERIVED_FILE_DIR)/Pods-TheSeriesApp-checkManifestLockResult.txt",
			);
			runOnlyForDeploymentPostprocessing = 0;
			shellPath = /bin/sh;
			shellScript = "diff \"${PODS_PODFILE_DIR_PATH}/Podfile.lock\" \"${PODS_ROOT}/Manifest.lock\" > /dev/null\nif [ $? != 0 ] ; then\n    # print error to STDERR\n    echo \"error: The sandbox is not in sync with the Podfile.lock. Run 'pod install' or update your CocoaPods installation.\" >&2\n    exit 1\nfi\n# This output is used by Xcode 'outputs' to avoid re-running this script phase.\necho \"SUCCESS\" > \"${SCRIPT_OUTPUT_FILE_0}\"\n";
			showEnvVarsInLog = 0;
		};
/* End PBXShellScriptBuildPhase section */

/* Begin PBXSourcesBuildPhase section */
		615CDA7424133584007CF669 /* Sources */ = {
			isa = PBXSourcesBuildPhase;
			buildActionMask = 2147483647;
			files = (
				615CDAA324134078007CF669 /* NetworkManager.swift in Sources */,
				615CDAAF2414B04F007CF669 /* ListTvShowViewController.swift in Sources */,
				615CDAB724155B1B007CF669 /* StringExtension.swift in Sources */,
				615CDA8024133584007CF669 /* ViewController.swift in Sources */,
				615CDAAB2414190C007CF669 /* TvShow.swift in Sources */,
				615CDAAD241423C6007CF669 /* TvShowViewModel.swift in Sources */,
				615CDA7C24133584007CF669 /* AppDelegate.swift in Sources */,
				615CDAB12414B469007CF669 /* TvShowCell.swift in Sources */,
				615CDA7E24133584007CF669 /* SceneDelegate.swift in Sources */,
				615CDAB4241549AC007CF669 /* ApiConfig.swift in Sources */,
			);
			runOnlyForDeploymentPostprocessing = 0;
		};
		615CDA8A24133586007CF669 /* Sources */ = {
			isa = PBXSourcesBuildPhase;
			buildActionMask = 2147483647;
			files = (
				615CDA9324133586007CF669 /* TheSeriesAppTests.swift in Sources */,
			);
			runOnlyForDeploymentPostprocessing = 0;
		};
/* End PBXSourcesBuildPhase section */

/* Begin PBXTargetDependency section */
		615CDA9024133586007CF669 /* PBXTargetDependency */ = {
			isa = PBXTargetDependency;
			target = 615CDA7724133584007CF669 /* TheSeriesApp */;
			targetProxy = 615CDA8F24133586007CF669 /* PBXContainerItemProxy */;
		};
/* End PBXTargetDependency section */

/* Begin PBXVariantGroup section */
		615CDA8124133584007CF669 /* Main.storyboard */ = {
			isa = PBXVariantGroup;
			children = (
				615CDA8224133584007CF669 /* Base */,
			);
			name = Main.storyboard;
			sourceTree = "<group>";
		};
		615CDA8624133585007CF669 /* LaunchScreen.storyboard */ = {
			isa = PBXVariantGroup;
			children = (
				615CDA8724133585007CF669 /* Base */,
			);
			name = LaunchScreen.storyboard;
			sourceTree = "<group>";
		};
/* End PBXVariantGroup section */

/* Begin XCBuildConfiguration section */
		615CDA9524133586007CF669 /* Debug */ = {
			isa = XCBuildConfiguration;
			buildSettings = {
				ALWAYS_SEARCH_USER_PATHS = NO;
				CLANG_ANALYZER_NONNULL = YES;
				CLANG_ANALYZER_NUMBER_OBJECT_CONVERSION = YES_AGGRESSIVE;
				CLANG_CXX_LANGUAGE_STANDARD = "gnu++14";
				CLANG_CXX_LIBRARY = "libc++";
				CLANG_ENABLE_MODULES = YES;
				CLANG_ENABLE_OBJC_ARC = YES;
				CLANG_ENABLE_OBJC_WEAK = YES;
				CLANG_WARN_BLOCK_CAPTURE_AUTORELEASING = YES;
				CLANG_WARN_BOOL_CONVERSION = YES;
				CLANG_WARN_COMMA = YES;
				CLANG_WARN_CONSTANT_CONVERSION = YES;
				CLANG_WARN_DEPRECATED_OBJC_IMPLEMENTATIONS = YES;
				CLANG_WARN_DIRECT_OBJC_ISA_USAGE = YES_ERROR;
				CLANG_WARN_DOCUMENTATION_COMMENTS = YES;
				CLANG_WARN_EMPTY_BODY = YES;
				CLANG_WARN_ENUM_CONVERSION = YES;
				CLANG_WARN_INFINITE_RECURSION = YES;
				CLANG_WARN_INT_CONVERSION = YES;
				CLANG_WARN_NON_LITERAL_NULL_CONVERSION = YES;
				CLANG_WARN_OBJC_IMPLICIT_RETAIN_SELF = YES;
				CLANG_WARN_OBJC_LITERAL_CONVERSION = YES;
				CLANG_WARN_OBJC_ROOT_CLASS = YES_ERROR;
				CLANG_WARN_RANGE_LOOP_ANALYSIS = YES;
				CLANG_WARN_STRICT_PROTOTYPES = YES;
				CLANG_WARN_SUSPICIOUS_MOVE = YES;
				CLANG_WARN_UNGUARDED_AVAILABILITY = YES_AGGRESSIVE;
				CLANG_WARN_UNREACHABLE_CODE = YES;
				CLANG_WARN__DUPLICATE_METHOD_MATCH = YES;
				COPY_PHASE_STRIP = NO;
				DEBUG_INFORMATION_FORMAT = dwarf;
				ENABLE_STRICT_OBJC_MSGSEND = YES;
				ENABLE_TESTABILITY = YES;
				GCC_C_LANGUAGE_STANDARD = gnu11;
				GCC_DYNAMIC_NO_PIC = NO;
				GCC_NO_COMMON_BLOCKS = YES;
				GCC_OPTIMIZATION_LEVEL = 0;
				GCC_PREPROCESSOR_DEFINITIONS = (
					"DEBUG=1",
					"$(inherited)",
				);
				GCC_WARN_64_TO_32_BIT_CONVERSION = YES;
				GCC_WARN_ABOUT_RETURN_TYPE = YES_ERROR;
				GCC_WARN_UNDECLARED_SELECTOR = YES;
				GCC_WARN_UNINITIALIZED_AUTOS = YES_AGGRESSIVE;
				GCC_WARN_UNUSED_FUNCTION = YES;
				GCC_WARN_UNUSED_VARIABLE = YES;
				IPHONEOS_DEPLOYMENT_TARGET = 13.2;
				MTL_ENABLE_DEBUG_INFO = INCLUDE_SOURCE;
				MTL_FAST_MATH = YES;
				ONLY_ACTIVE_ARCH = YES;
				SDKROOT = iphoneos;
				SWIFT_ACTIVE_COMPILATION_CONDITIONS = DEBUG;
				SWIFT_OPTIMIZATION_LEVEL = "-Onone";
			};
			name = Debug;
		};
		615CDA9624133586007CF669 /* Release */ = {
			isa = XCBuildConfiguration;
			buildSettings = {
				ALWAYS_SEARCH_USER_PATHS = NO;
				CLANG_ANALYZER_NONNULL = YES;
				CLANG_ANALYZER_NUMBER_OBJECT_CONVERSION = YES_AGGRESSIVE;
				CLANG_CXX_LANGUAGE_STANDARD = "gnu++14";
				CLANG_CXX_LIBRARY = "libc++";
				CLANG_ENABLE_MODULES = YES;
				CLANG_ENABLE_OBJC_ARC = YES;
				CLANG_ENABLE_OBJC_WEAK = YES;
				CLANG_WARN_BLOCK_CAPTURE_AUTORELEASING = YES;
				CLANG_WARN_BOOL_CONVERSION = YES;
				CLANG_WARN_COMMA = YES;
				CLANG_WARN_CONSTANT_CONVERSION = YES;
				CLANG_WARN_DEPRECATED_OBJC_IMPLEMENTATIONS = YES;
				CLANG_WARN_DIRECT_OBJC_ISA_USAGE = YES_ERROR;
				CLANG_WARN_DOCUMENTATION_COMMENTS = YES;
				CLANG_WARN_EMPTY_BODY = YES;
				CLANG_WARN_ENUM_CONVERSION = YES;
				CLANG_WARN_INFINITE_RECURSION = YES;
				CLANG_WARN_INT_CONVERSION = YES;
				CLANG_WARN_NON_LITERAL_NULL_CONVERSION = YES;
				CLANG_WARN_OBJC_IMPLICIT_RETAIN_SELF = YES;
				CLANG_WARN_OBJC_LITERAL_CONVERSION = YES;
				CLANG_WARN_OBJC_ROOT_CLASS = YES_ERROR;
				CLANG_WARN_RANGE_LOOP_ANALYSIS = YES;
				CLANG_WARN_STRICT_PROTOTYPES = YES;
				CLANG_WARN_SUSPICIOUS_MOVE = YES;
				CLANG_WARN_UNGUARDED_AVAILABILITY = YES_AGGRESSIVE;
				CLANG_WARN_UNREACHABLE_CODE = YES;
				CLANG_WARN__DUPLICATE_METHOD_MATCH = YES;
				COPY_PHASE_STRIP = NO;
				DEBUG_INFORMATION_FORMAT = "dwarf-with-dsym";
				ENABLE_NS_ASSERTIONS = NO;
				ENABLE_STRICT_OBJC_MSGSEND = YES;
				GCC_C_LANGUAGE_STANDARD = gnu11;
				GCC_NO_COMMON_BLOCKS = YES;
				GCC_WARN_64_TO_32_BIT_CONVERSION = YES;
				GCC_WARN_ABOUT_RETURN_TYPE = YES_ERROR;
				GCC_WARN_UNDECLARED_SELECTOR = YES;
				GCC_WARN_UNINITIALIZED_AUTOS = YES_AGGRESSIVE;
				GCC_WARN_UNUSED_FUNCTION = YES;
				GCC_WARN_UNUSED_VARIABLE = YES;
				IPHONEOS_DEPLOYMENT_TARGET = 13.2;
				MTL_ENABLE_DEBUG_INFO = NO;
				MTL_FAST_MATH = YES;
				SDKROOT = iphoneos;
				SWIFT_COMPILATION_MODE = wholemodule;
				SWIFT_OPTIMIZATION_LEVEL = "-O";
				VALIDATE_PRODUCT = YES;
			};
			name = Release;
		};
		615CDA9824133586007CF669 /* Debug */ = {
			isa = XCBuildConfiguration;
			baseConfigurationReference = E08B774C87F86A8C127D75ED /* Pods-TheSeriesApp.debug.xcconfig */;
			buildSettings = {
				ASSETCATALOG_COMPILER_APPICON_NAME = AppIcon;
				CODE_SIGN_STYLE = Automatic;
				DEVELOPMENT_TEAM = F6NR5MWZFA;
				INFOPLIST_FILE = TheSeriesApp/Info.plist;
				LD_RUNPATH_SEARCH_PATHS = (
					"$(inherited)",
					"@executable_path/Frameworks",
				);
				PRODUCT_BUNDLE_IDENTIFIER = br.com.marvelapi.TheSeriesApp;
				PRODUCT_NAME = "$(TARGET_NAME)";
				SWIFT_VERSION = 5.0;
				TARGETED_DEVICE_FAMILY = "1,2";
			};
			name = Debug;
		};
		615CDA9924133586007CF669 /* Release */ = {
			isa = XCBuildConfiguration;
			baseConfigurationReference = 42259C5CFE01F9EDA6D042E2 /* Pods-TheSeriesApp.release.xcconfig */;
			buildSettings = {
				ASSETCATALOG_COMPILER_APPICON_NAME = AppIcon;
				CODE_SIGN_STYLE = Automatic;
				DEVELOPMENT_TEAM = F6NR5MWZFA;
				INFOPLIST_FILE = TheSeriesApp/Info.plist;
				LD_RUNPATH_SEARCH_PATHS = (
					"$(inherited)",
					"@executable_path/Frameworks",
				);
				PRODUCT_BUNDLE_IDENTIFIER = br.com.marvelapi.TheSeriesApp;
				PRODUCT_NAME = "$(TARGET_NAME)";
				SWIFT_VERSION = 5.0;
				TARGETED_DEVICE_FAMILY = "1,2";
			};
			name = Release;
		};
		615CDA9B24133586007CF669 /* Debug */ = {
			isa = XCBuildConfiguration;
			baseConfigurationReference = 4FBF7BBC17E12D816B20678D /* Pods-TheSeriesAppTests.debug.xcconfig */;
			buildSettings = {
				ALWAYS_EMBED_SWIFT_STANDARD_LIBRARIES = YES;
				BUNDLE_LOADER = "$(TEST_HOST)";
				CODE_SIGN_STYLE = Automatic;
				DEVELOPMENT_TEAM = F6NR5MWZFA;
				INFOPLIST_FILE = TheSeriesAppTests/Info.plist;
				IPHONEOS_DEPLOYMENT_TARGET = 13.2;
				LD_RUNPATH_SEARCH_PATHS = (
					"$(inherited)",
					"@executable_path/Frameworks",
					"@loader_path/Frameworks",
				);
				PRODUCT_BUNDLE_IDENTIFIER = br.com.marvelapi.TheSeriesAppTests;
				PRODUCT_NAME = "$(TARGET_NAME)";
				SWIFT_VERSION = 5.0;
				TARGETED_DEVICE_FAMILY = "1,2";
				TEST_HOST = "$(BUILT_PRODUCTS_DIR)/TheSeriesApp.app/TheSeriesApp";
			};
			name = Debug;
		};
		615CDA9C24133586007CF669 /* Release */ = {
			isa = XCBuildConfiguration;
			baseConfigurationReference = A41F7C8062C176AFE7EAD2AB /* Pods-TheSeriesAppTests.release.xcconfig */;
			buildSettings = {
				ALWAYS_EMBED_SWIFT_STANDARD_LIBRARIES = YES;
				BUNDLE_LOADER = "$(TEST_HOST)";
				CODE_SIGN_STYLE = Automatic;
				DEVELOPMENT_TEAM = F6NR5MWZFA;
				INFOPLIST_FILE = TheSeriesAppTests/Info.plist;
				IPHONEOS_DEPLOYMENT_TARGET = 13.2;
				LD_RUNPATH_SEARCH_PATHS = (
					"$(inherited)",
					"@executable_path/Frameworks",
					"@loader_path/Frameworks",
				);
				PRODUCT_BUNDLE_IDENTIFIER = br.com.marvelapi.TheSeriesAppTests;
				PRODUCT_NAME = "$(TARGET_NAME)";
				SWIFT_VERSION = 5.0;
				TARGETED_DEVICE_FAMILY = "1,2";
				TEST_HOST = "$(BUILT_PRODUCTS_DIR)/TheSeriesApp.app/TheSeriesApp";
			};
			name = Release;
		};
/* End XCBuildConfiguration section */

/* Begin XCConfigurationList section */
		615CDA7324133584007CF669 /* Build configuration list for PBXProject "TheSeriesApp" */ = {
			isa = XCConfigurationList;
			buildConfigurations = (
				615CDA9524133586007CF669 /* Debug */,
				615CDA9624133586007CF669 /* Release */,
			);
			defaultConfigurationIsVisible = 0;
			defaultConfigurationName = Release;
		};
		615CDA9724133586007CF669 /* Build configuration list for PBXNativeTarget "TheSeriesApp" */ = {
			isa = XCConfigurationList;
			buildConfigurations = (
				615CDA9824133586007CF669 /* Debug */,
				615CDA9924133586007CF669 /* Release */,
			);
			defaultConfigurationIsVisible = 0;
			defaultConfigurationName = Release;
		};
		615CDA9A24133586007CF669 /* Build configuration list for PBXNativeTarget "TheSeriesAppTests" */ = {
			isa = XCConfigurationList;
			buildConfigurations = (
				615CDA9B24133586007CF669 /* Debug */,
				615CDA9C24133586007CF669 /* Release */,
			);
			defaultConfigurationIsVisible = 0;
			defaultConfigurationName = Release;
		};
/* End XCConfigurationList section */
	};
	rootObject = 615CDA7024133584007CF669 /* Project object */;
}
